
Microsoft Visual Studio Solution File, Format Version 12.00
# Visual Studio Version 16
VisualStudioVersion = 16.0.30804.86
MinimumVisualStudioVersion = 10.0.40219.1
Project("{FAE04EC0-301F-11D3-BF4B-00C04F79EFBC}") = "DataAccess", "DataAccess\DataAccess.csproj", "{D969A149-9F1E-4802-93DF-64AEB98FCDBC}"
EndProject
Project("{FAE04EC0-301F-11D3-BF4B-00C04F79EFBC}") = "Business", "Business\Business.csproj", "{22684520-9243-4AB9-84BD-7E0EDE003007}"
EndProject
Project("{FAE04EC0-301F-11D3-BF4B-00C04F79EFBC}") = "Entities", "Entities\Entities.csproj", "{F8AD0E28-5339-4680-8D2F-1D2B00501CAA}"
EndProject
Project("{FAE04EC0-301F-11D3-BF4B-00C04F79EFBC}") = "ConsoleUI", "ConsoleUI\ConsoleUI.csproj", "{6961CA87-EE68-4580-B8AD-01CD118FDFC1}"
EndProject
Global
	GlobalSection(SolutionConfigurationPlatforms) = preSolution
		Debug|Any CPU = Debug|Any CPU
		Release|Any CPU = Release|Any CPU
	EndGlobalSection
	GlobalSection(ProjectConfigurationPlatforms) = postSolution
		{D969A149-9F1E-4802-93DF-64AEB98FCDBC}.Debug|Any CPU.ActiveCfg = Debug|Any CPU
		{D969A149-9F1E-4802-93DF-64AEB98FCDBC}.Debug|Any CPU.Build.0 = Debug|Any CPU
		{D969A149-9F1E-4802-93DF-64AEB98FCDBC}.Release|Any CPU.ActiveCfg = Release|Any CPU
		{D969A149-9F1E-4802-93DF-64AEB98FCDBC}.Release|Any CPU.Build.0 = Release|Any CPU
		{22684520-9243-4AB9-84BD-7E0EDE003007}.Debug|Any CPU.ActiveCfg = Debug|Any CPU
		{22684520-9243-4AB9-84BD-7E0EDE003007}.Debug|Any CPU.Build.0 = Debug|Any CPU
		{22684520-9243-4AB9-84BD-7E0EDE003007}.Release|Any CPU.ActiveCfg = Release|Any CPU
		{22684520-9243-4AB9-84BD-7E0EDE003007}.Release|Any CPU.Build.0 = Release|Any CPU
		{F8AD0E28-5339-4680-8D2F-1D2B00501CAA}.Debug|Any CPU.ActiveCfg = Debug|Any CPU
		{F8AD0E28-5339-4680-8D2F-1D2B00501CAA}.Debug|Any CPU.Build.0 = Debug|Any CPU
		{F8AD0E28-5339-4680-8D2F-1D2B00501CAA}.Release|Any CPU.ActiveCfg = Release|Any CPU
		{F8AD0E28-5339-4680-8D2F-1D2B00501CAA}.Release|Any CPU.Build.0 = Release|Any CPU
		{6961CA87-EE68-4580-B8AD-01CD118FDFC1}.Debug|Any CPU.ActiveCfg = Debug|Any CPU
		{6961CA87-EE68-4580-B8AD-01CD118FDFC1}.Debug|Any CPU.Build.0 = Debug|Any CPU
		{6961CA87-EE68-4580-B8AD-01CD118FDFC1}.Release|Any CPU.ActiveCfg = Release|Any CPU
		{6961CA87-EE68-4580-B8AD-01CD118FDFC1}.Release|Any CPU.Build.0 = Release|Any CPU
	EndGlobalSection
	GlobalSection(SolutionProperties) = preSolution
		HideSolutionNode = FALSE
	EndGlobalSection
	GlobalSection(ExtensibilityGlobals) = postSolution
		SolutionGuid = {9CC5EE91-C890-4C35-9219-66B891DA7EF8}
	EndGlobalSection
EndGlobal
